
Microsoft Visual Studio Solution File, Format Version 12.00
# Visual Studio 15
VisualStudioVersion = 15.0.27428.2037
MinimumVisualStudioVersion = 10.0.40219.1
Project("{FAE04EC0-301F-11D3-BF4B-00C04F79EFBC}") = "FEStartupControlTest", "FEStartupControlTest\FEStartupControlTest.csproj", "{F6E75C4D-D0D9-4B78-B03A-28E67EAAA816}"
	ProjectSection(ProjectDependencies) = postProject
		{ACA03D65-CF40-4580-ACD4-8CA8A2E71AD7} = {ACA03D65-CF40-4580-ACD4-8CA8A2E71AD7}
	EndProjectSection
EndProject
Project("{FAE04EC0-301F-11D3-BF4B-00C04F79EFBC}") = "FEStartupControl", "..\FEStartupControl\FEStartupControl\FEStartupControl.csproj", "{ACA03D65-CF40-4580-ACD4-8CA8A2E71AD7}"
EndProject
Global
	GlobalSection(SolutionConfigurationPlatforms) = preSolution
		Debug|Any CPU = Debug|Any CPU
		Release|Any CPU = Release|Any CPU
	EndGlobalSection
	GlobalSection(ProjectConfigurationPlatforms) = postSolution
		{F6E75C4D-D0D9-4B78-B03A-28E67EAAA816}.Debug|Any CPU.ActiveCfg = Debug|Any CPU
		{F6E75C4D-D0D9-4B78-B03A-28E67EAAA816}.Debug|Any CPU.Build.0 = Debug|Any CPU
		{F6E75C4D-D0D9-4B78-B03A-28E67EAAA816}.Release|Any CPU.ActiveCfg = Release|Any CPU
		{F6E75C4D-D0D9-4B78-B03A-28E67EAAA816}.Release|Any CPU.Build.0 = Release|Any CPU
		{ACA03D65-CF40-4580-ACD4-8CA8A2E71AD7}.Debug|Any CPU.ActiveCfg = Debug|Any CPU
		{ACA03D65-CF40-4580-ACD4-8CA8A2E71AD7}.Debug|Any CPU.Build.0 = Debug|Any CPU
		{ACA03D65-CF40-4580-ACD4-8CA8A2E71AD7}.Release|Any CPU.ActiveCfg = Release|Any CPU
		{ACA03D65-CF40-4580-ACD4-8CA8A2E71AD7}.Release|Any CPU.Build.0 = Release|Any CPU
	EndGlobalSection
	GlobalSection(SolutionProperties) = preSolution
		HideSolutionNode = FALSE
	EndGlobalSection
	GlobalSection(ExtensibilityGlobals) = postSolution
		SolutionGuid = {2331F789-7B7B-4C0C-9B82-1B1BE157CAAD}
	EndGlobalSection
EndGlobal
