
Microsoft Visual Studio Solution File, Format Version 12.00
# Visual Studio 15
VisualStudioVersion = 15.0.27428.2037
MinimumVisualStudioVersion = 10.0.40219.1
Project("{FAE04EC0-301F-11D3-BF4B-00C04F79EFBC}") = "FEStartupControl", "FEStartupControl\FEStartupControl.csproj", "{ACA03D65-CF40-4580-ACD4-8CA8A2E71AD7}"
EndProject
Global
	GlobalSection(SolutionConfigurationPlatforms) = preSolution
		Debug|Any CPU = Debug|Any CPU
		Release|Any CPU = Release|Any CPU
	EndGlobalSection
	GlobalSection(ProjectConfigurationPlatforms) = postSolution
		{ACA03D65-CF40-4580-ACD4-8CA8A2E71AD7}.Debug|Any CPU.ActiveCfg = Debug|Any CPU
		{ACA03D65-CF40-4580-ACD4-8CA8A2E71AD7}.Debug|Any CPU.Build.0 = Debug|Any CPU
		{ACA03D65-CF40-4580-ACD4-8CA8A2E71AD7}.Release|Any CPU.ActiveCfg = Release|Any CPU
		{ACA03D65-CF40-4580-ACD4-8CA8A2E71AD7}.Release|Any CPU.Build.0 = Release|Any CPU
	EndGlobalSection
	GlobalSection(SolutionProperties) = preSolution
		HideSolutionNode = FALSE
	EndGlobalSection
	GlobalSection(ExtensibilityGlobals) = postSolution
		SolutionGuid = {2B120343-979F-41B0-A8AD-2B8B55B9F6C8}
	EndGlobalSection
EndGlobal
